
Microsoft Visual Studio Solution File, Format Version 12.00
# Visual Studio Version 17
VisualStudioVersion = 17.4.33122.133
MinimumVisualStudioVersion = 10.0.40219.1
Project("{FAE04EC0-301F-11D3-BF4B-00C04F79EFBC}") = "ExtraUppgiftLIA2", "ExtraUppgiftLIA2.csproj", "{CA088DFF-8416-4C56-81D0-41D0FC09A671}"
EndProject
Global
	GlobalSection(SolutionConfigurationPlatforms) = preSolution
		Debug|Any CPU = Debug|Any CPU
		Release|Any CPU = Release|Any CPU
	EndGlobalSection
	GlobalSection(ProjectConfigurationPlatforms) = postSolution
		{CA088DFF-8416-4C56-81D0-41D0FC09A671}.Debug|Any CPU.ActiveCfg = Debug|Any CPU
		{CA088DFF-8416-4C56-81D0-41D0FC09A671}.Debug|Any CPU.Build.0 = Debug|Any CPU
		{CA088DFF-8416-4C56-81D0-41D0FC09A671}.Release|Any CPU.ActiveCfg = Release|Any CPU
		{CA088DFF-8416-4C56-81D0-41D0FC09A671}.Release|Any CPU.Build.0 = Release|Any CPU
	EndGlobalSection
	GlobalSection(SolutionProperties) = preSolution
		HideSolutionNode = FALSE
	EndGlobalSection
	GlobalSection(ExtensibilityGlobals) = postSolution
		SolutionGuid = {3C72F9F5-F033-45A6-A8EA-FE3ACD5B850A}
	EndGlobalSection
EndGlobal
